<?xml version="1.0" encoding="utf-8"?>
<Project ToolsVersion="4.0" xmlns="http://schemas.microsoft.com/developer/msbuild/2003">
  <ItemGroup>
    <ClInclude Include="include\defs.h">
      <Filter>headers</Filter>
    </ClInclude>
    <ClInclude Include="include\DataSourceDemo.h">
      <Filter>headers</Filter>
    </ClInclude>
    <ClInclude Include="include\DemoData1.h">
      <Filter>headers</Filter>
    </ClInclude>
    <ClInclude Include="include\DemoData2.h">
      <Filter>headers</Filter>
    </ClInclude>
    <ClInclude Include="include\DemoDataSource.h">
      <Filter>headers</Filter>
    </ClInclude>
  </ItemGroup>
  <ItemGroup>
    <ResourceCompile Include="res\res.rc" />
  </ItemGroup>
  <ItemGroup>
    <ClCompile Include="src\DataSourceDemo.cpp" />
    <ClCompile Include="src\DemoData2.cpp" />
    <ClCompile Include="src\DemoData1.cpp" />
    <ClCompile Include="src\DemoDataSource.cpp" />
  </ItemGroup>
  <ItemGroup>
    <Filter Include="headers">
      <UniqueIdentifier>{2364874c-4f64-4fb8-8cba-c0001e6e68c7}</UniqueIdentifier>
    </Filter>
  </ItemGroup>
</Project>